
Microsoft Visual Studio Solution File, Format Version 12.00
# Visual Studio Version 16
VisualStudioVersion = 16.0.28922.388
MinimumVisualStudioVersion = 10.0.40219.1
Project("{FAE04EC0-301F-11D3-BF4B-00C04F79EFBC}") = "FunctionsSasha", "FunctionsSasha\FunctionsSasha.csproj", "{ADEBA3A7-1E67-4FB3-9544-FB1617504E07}"
EndProject
Global
	GlobalSection(SolutionConfigurationPlatforms) = preSolution
		Debug|Any CPU = Debug|Any CPU
		Release|Any CPU = Release|Any CPU
	EndGlobalSection
	GlobalSection(ProjectConfigurationPlatforms) = postSolution
		{ADEBA3A7-1E67-4FB3-9544-FB1617504E07}.Debug|Any CPU.ActiveCfg = Debug|Any CPU
		{ADEBA3A7-1E67-4FB3-9544-FB1617504E07}.Debug|Any CPU.Build.0 = Debug|Any CPU
		{ADEBA3A7-1E67-4FB3-9544-FB1617504E07}.Release|Any CPU.ActiveCfg = Release|Any CPU
		{ADEBA3A7-1E67-4FB3-9544-FB1617504E07}.Release|Any CPU.Build.0 = Release|Any CPU
	EndGlobalSection
	GlobalSection(SolutionProperties) = preSolution
		HideSolutionNode = FALSE
	EndGlobalSection
	GlobalSection(ExtensibilityGlobals) = postSolution
		SolutionGuid = {1B33104C-2BF0-4CD0-8A57-D6A95DCD9EBD}
	EndGlobalSection
EndGlobal
