
Microsoft Visual Studio Solution File, Format Version 12.00
# Visual Studio Version 16
VisualStudioVersion = 16.0.28922.388
MinimumVisualStudioVersion = 10.0.40219.1
Project("{FAE04EC0-301F-11D3-BF4B-00C04F79EFBC}") = "StringEqualitySasha", "StringEqualitySasha\StringEqualitySasha.csproj", "{EE2F7D03-11A6-4B80-8A70-0A72AFE885E7}"
EndProject
Global
	GlobalSection(SolutionConfigurationPlatforms) = preSolution
		Debug|Any CPU = Debug|Any CPU
		Release|Any CPU = Release|Any CPU
	EndGlobalSection
	GlobalSection(ProjectConfigurationPlatforms) = postSolution
		{EE2F7D03-11A6-4B80-8A70-0A72AFE885E7}.Debug|Any CPU.ActiveCfg = Debug|Any CPU
		{EE2F7D03-11A6-4B80-8A70-0A72AFE885E7}.Debug|Any CPU.Build.0 = Debug|Any CPU
		{EE2F7D03-11A6-4B80-8A70-0A72AFE885E7}.Release|Any CPU.ActiveCfg = Release|Any CPU
		{EE2F7D03-11A6-4B80-8A70-0A72AFE885E7}.Release|Any CPU.Build.0 = Release|Any CPU
	EndGlobalSection
	GlobalSection(SolutionProperties) = preSolution
		HideSolutionNode = FALSE
	EndGlobalSection
	GlobalSection(ExtensibilityGlobals) = postSolution
		SolutionGuid = {02C38DE1-CE44-4B8E-B902-21D770B32C3D}
	EndGlobalSection
EndGlobal
